
Microsoft Visual Studio Solution File, Format Version 12.00
# Visual Studio Version 17
VisualStudioVersion = 17.6.33815.320
MinimumVisualStudioVersion = 10.0.40219.1
Project("{FAE04EC0-301F-11D3-BF4B-00C04F79EFBC}") = "QuizAPI", "QuizAPI.csproj", "{674396A6-7703-4081-A11A-FB8A0F7B4487}"
EndProject
Global
	GlobalSection(SolutionConfigurationPlatforms) = preSolution
		Debug|Any CPU = Debug|Any CPU
		Release|Any CPU = Release|Any CPU
	EndGlobalSection
	GlobalSection(ProjectConfigurationPlatforms) = postSolution
		{674396A6-7703-4081-A11A-FB8A0F7B4487}.Debug|Any CPU.ActiveCfg = Debug|Any CPU
		{674396A6-7703-4081-A11A-FB8A0F7B4487}.Debug|Any CPU.Build.0 = Debug|Any CPU
		{674396A6-7703-4081-A11A-FB8A0F7B4487}.Release|Any CPU.ActiveCfg = Release|Any CPU
		{674396A6-7703-4081-A11A-FB8A0F7B4487}.Release|Any CPU.Build.0 = Release|Any CPU
	EndGlobalSection
	GlobalSection(SolutionProperties) = preSolution
		HideSolutionNode = FALSE
	EndGlobalSection
	GlobalSection(ExtensibilityGlobals) = postSolution
		SolutionGuid = {B897F9A6-99FF-409F-A410-9A05EE2C1709}
	EndGlobalSection
EndGlobal
